Microsoft Visual Studio Solution File, Format Version 12.00
# Visual Studio Version 17
VisualStudioVersion = 17.5.2.0
MinimumVisualStudioVersion = 10.0.40219.1
Project("{FAE04EC0-301F-11D3-BF4B-00C04F79EFBC}") = "Authorization", "Authorization\Authorization.csproj", "{DE5F7790-5C08-070E-F44E-8A7D25A44E2D}"
EndProject
Global
	GlobalSection(SolutionConfigurationPlatforms) = preSolution
		Debug|Any CPU = Debug|Any CPU
		Release|Any CPU = Release|Any CPU
	EndGlobalSection
	GlobalSection(ProjectConfigurationPlatforms) = postSolution
		{DE5F7790-5C08-070E-F44E-8A7D25A44E2D}.Debug|Any CPU.ActiveCfg = Debug|Any CPU
		{DE5F7790-5C08-070E-F44E-8A7D25A44E2D}.Debug|Any CPU.Build.0 = Debug|Any CPU
		{DE5F7790-5C08-070E-F44E-8A7D25A44E2D}.Release|Any CPU.ActiveCfg = Release|Any CPU
		{DE5F7790-5C08-070E-F44E-8A7D25A44E2D}.Release|Any CPU.Build.0 = Release|Any CPU
	EndGlobalSection
	GlobalSection(SolutionProperties) = preSolution
		HideSolutionNode = FALSE
	EndGlobalSection
	GlobalSection(ExtensibilityGlobals) = postSolution
		SolutionGuid = {96EE96CB-76C2-4CE0-A9A3-516CFE44237D}
	EndGlobalSection
EndGlobal
